
Microsoft Visual Studio Solution File, Format Version 12.00
# Visual Studio Version 16
VisualStudioVersion = 16.0.31410.357
MinimumVisualStudioVersion = 10.0.40219.1
Project("{FAE04EC0-301F-11D3-BF4B-00C04F79EFBC}") = "wfaSysEdit", "wfaSysEdit\wfaSysEdit.csproj", "{6EC4A57A-0183-496F-8179-BEA36098CFC0}"
EndProject
Project("{FAE04EC0-301F-11D3-BF4B-00C04F79EFBC}") = "cl-models", "cl-models\cl-models.csproj", "{A8436E1D-29A0-4239-AE5B-E0252278715E}"
EndProject
Project("{FAE04EC0-301F-11D3-BF4B-00C04F79EFBC}") = "cl-dal", "cl-dal\cl-dal.csproj", "{8C2AD565-908F-4DCC-A282-BAC866AA39F4}"
EndProject
Project("{FAE04EC0-301F-11D3-BF4B-00C04F79EFBC}") = "cl-bll", "cl-bll\cl-bll.csproj", "{4FD6C284-F33B-4726-95F5-F7B95A1D0F3E}"
EndProject
Project("{FAE04EC0-301F-11D3-BF4B-00C04F79EFBC}") = "ca-SysEdit", "ca-SysEdit\ca-SysEdit.csproj", "{D6C38B5B-953E-48FA-B209-94BB7D191684}"
EndProject
Global
	GlobalSection(SolutionConfigurationPlatforms) = preSolution
		Debug|Any CPU = Debug|Any CPU
		Release|Any CPU = Release|Any CPU
	EndGlobalSection
	GlobalSection(ProjectConfigurationPlatforms) = postSolution
		{6EC4A57A-0183-496F-8179-BEA36098CFC0}.Debug|Any CPU.ActiveCfg = Debug|Any CPU
		{6EC4A57A-0183-496F-8179-BEA36098CFC0}.Debug|Any CPU.Build.0 = Debug|Any CPU
		{6EC4A57A-0183-496F-8179-BEA36098CFC0}.Release|Any CPU.ActiveCfg = Release|Any CPU
		{6EC4A57A-0183-496F-8179-BEA36098CFC0}.Release|Any CPU.Build.0 = Release|Any CPU
		{A8436E1D-29A0-4239-AE5B-E0252278715E}.Debug|Any CPU.ActiveCfg = Debug|Any CPU
		{A8436E1D-29A0-4239-AE5B-E0252278715E}.Debug|Any CPU.Build.0 = Debug|Any CPU
		{A8436E1D-29A0-4239-AE5B-E0252278715E}.Release|Any CPU.ActiveCfg = Release|Any CPU
		{A8436E1D-29A0-4239-AE5B-E0252278715E}.Release|Any CPU.Build.0 = Release|Any CPU
		{8C2AD565-908F-4DCC-A282-BAC866AA39F4}.Debug|Any CPU.ActiveCfg = Debug|Any CPU
		{8C2AD565-908F-4DCC-A282-BAC866AA39F4}.Debug|Any CPU.Build.0 = Debug|Any CPU
		{8C2AD565-908F-4DCC-A282-BAC866AA39F4}.Release|Any CPU.ActiveCfg = Release|Any CPU
		{8C2AD565-908F-4DCC-A282-BAC866AA39F4}.Release|Any CPU.Build.0 = Release|Any CPU
		{4FD6C284-F33B-4726-95F5-F7B95A1D0F3E}.Debug|Any CPU.ActiveCfg = Debug|Any CPU
		{4FD6C284-F33B-4726-95F5-F7B95A1D0F3E}.Debug|Any CPU.Build.0 = Debug|Any CPU
		{4FD6C284-F33B-4726-95F5-F7B95A1D0F3E}.Release|Any CPU.ActiveCfg = Release|Any CPU
		{4FD6C284-F33B-4726-95F5-F7B95A1D0F3E}.Release|Any CPU.Build.0 = Release|Any CPU
		{D6C38B5B-953E-48FA-B209-94BB7D191684}.Debug|Any CPU.ActiveCfg = Debug|Any CPU
		{D6C38B5B-953E-48FA-B209-94BB7D191684}.Debug|Any CPU.Build.0 = Debug|Any CPU
		{D6C38B5B-953E-48FA-B209-94BB7D191684}.Release|Any CPU.ActiveCfg = Release|Any CPU
		{D6C38B5B-953E-48FA-B209-94BB7D191684}.Release|Any CPU.Build.0 = Release|Any CPU
	EndGlobalSection
	GlobalSection(SolutionProperties) = preSolution
		HideSolutionNode = FALSE
	EndGlobalSection
	GlobalSection(ExtensibilityGlobals) = postSolution
		SolutionGuid = {8A28219A-6C15-4F80-8D36-096A5B29EDA4}
	EndGlobalSection
EndGlobal
